PODS:
  - Alamofire (5.0.0-rc.2)

DEPENDENCIES:
  - Alamofire (~> 5.0.0-rc.2)

SPEC REPOS:
  trunk:
    - Alamofire
<<<<<<< Updated upstream
=======
    - DLRadioButton
    - PureLayout
    - SwiftyJSON
>>>>>>> Stashed changes

SPEC CHECKSUMS:
  Alamofire: f9450d3c7f6bea2ad62e7a541c3e9b186c7991d6

PODFILE CHECKSUM: 065c1b5ac930379231254e624129718b76ae8a33

COCOAPODS: 1.8.4
